
Microsoft Visual Studio Solution File, Format Version 11.00
# Visual Studio 2010
Project("{FAE04EC0-301F-11D3-BF4B-00C04F79EFBC}") = "Assembly-CSharp", "Assembly-CSharp.csproj", "{73DF8CDF-1592-966C-0D22-770C4160B4AA}"
EndProject
Project("{FAE04EC0-301F-11D3-BF4B-00C04F79EFBC}") = "Assembly-CSharp-firstpass", "Assembly-CSharp-firstpass.csproj", "{A55DD6EF-5562-D409-5C32-0BE7FDFF1BFF}"
EndProject
Project("{FAE04EC0-301F-11D3-BF4B-00C04F79EFBC}") = "Assembly-CSharp-Editor", "Assembly-CSharp-Editor.csproj", "{4F58BF3D-E353-FCC9-FA95-A8954DE3F607}"
EndProject
Project("{FAE04EC0-301F-11D3-BF4B-00C04F79EFBC}") = "Assembly-CSharp-Editor-firstpass", "Assembly-CSharp-Editor-firstpass.csproj", "{7C7671DA-067E-03DA-49CE-FCD21B3B5174}"
EndProject
Global
	GlobalSection(SolutionConfigurationPlatforms) = preSolution
		Debug|Any CPU = Debug|Any CPU
		Release|Any CPU = Release|Any CPU
	EndGlobalSection
	GlobalSection(ProjectConfigurationPlatforms) = postSolution
		{73DF8CDF-1592-966C-0D22-770C4160B4AA}.Debug|Any CPU.ActiveCfg = Debug|Any CPU
		{73DF8CDF-1592-966C-0D22-770C4160B4AA}.Debug|Any CPU.Build.0 = Debug|Any CPU
		{73DF8CDF-1592-966C-0D22-770C4160B4AA}.Release|Any CPU.ActiveCfg = Release|Any CPU
		{73DF8CDF-1592-966C-0D22-770C4160B4AA}.Release|Any CPU.Build.0 = Release|Any CPU
		{A55DD6EF-5562-D409-5C32-0BE7FDFF1BFF}.Debug|Any CPU.ActiveCfg = Debug|Any CPU
		{A55DD6EF-5562-D409-5C32-0BE7FDFF1BFF}.Debug|Any CPU.Build.0 = Debug|Any CPU
		{A55DD6EF-5562-D409-5C32-0BE7FDFF1BFF}.Release|Any CPU.ActiveCfg = Release|Any CPU
		{A55DD6EF-5562-D409-5C32-0BE7FDFF1BFF}.Release|Any CPU.Build.0 = Release|Any CPU
		{4F58BF3D-E353-FCC9-FA95-A8954DE3F607}.Debug|Any CPU.ActiveCfg = Debug|Any CPU
		{4F58BF3D-E353-FCC9-FA95-A8954DE3F607}.Debug|Any CPU.Build.0 = Debug|Any CPU
		{4F58BF3D-E353-FCC9-FA95-A8954DE3F607}.Release|Any CPU.ActiveCfg = Release|Any CPU
		{4F58BF3D-E353-FCC9-FA95-A8954DE3F607}.Release|Any CPU.Build.0 = Release|Any CPU
		{7C7671DA-067E-03DA-49CE-FCD21B3B5174}.Debug|Any CPU.ActiveCfg = Debug|Any CPU
		{7C7671DA-067E-03DA-49CE-FCD21B3B5174}.Debug|Any CPU.Build.0 = Debug|Any CPU
		{7C7671DA-067E-03DA-49CE-FCD21B3B5174}.Release|Any CPU.ActiveCfg = Release|Any CPU
		{7C7671DA-067E-03DA-49CE-FCD21B3B5174}.Release|Any CPU.Build.0 = Release|Any CPU
	EndGlobalSection
	GlobalSection(SolutionProperties) = preSolution
		HideSolutionNode = FALSE
	EndGlobalSection
	GlobalSection(MonoDevelopProperties) = preSolution
		StartupItem = Assembly-CSharp.csproj
	EndGlobalSection
EndGlobal
